
Microsoft Visual Studio Solution File, Format Version 12.00
# Visual Studio Version 17
VisualStudioVersion = 17.12.35209.166
MinimumVisualStudioVersion = 10.0.40219.1
Project("{FAE04EC0-301F-11D3-BF4B-00C04F79EFBC}") = "TodoList", "TodoList\TodoList.csproj", "{B5D0BC56-1AB2-4E4A-AE51-C2DD284A7B66}"
EndProject
Global
	GlobalSection(SolutionConfigurationPlatforms) = preSolution
		Debug|Any CPU = Debug|Any CPU
		Release|Any CPU = Release|Any CPU
	EndGlobalSection
	GlobalSection(ProjectConfigurationPlatforms) = postSolution
		{B5D0BC56-1AB2-4E4A-AE51-C2DD284A7B66}.Debug|Any CPU.ActiveCfg = Debug|Any CPU
		{B5D0BC56-1AB2-4E4A-AE51-C2DD284A7B66}.Debug|Any CPU.Build.0 = Debug|Any CPU
		{B5D0BC56-1AB2-4E4A-AE51-C2DD284A7B66}.Release|Any CPU.ActiveCfg = Release|Any CPU
		{B5D0BC56-1AB2-4E4A-AE51-C2DD284A7B66}.Release|Any CPU.Build.0 = Release|Any CPU
	EndGlobalSection
	GlobalSection(SolutionProperties) = preSolution
		HideSolutionNode = FALSE
	EndGlobalSection
	GlobalSection(ExtensibilityGlobals) = postSolution
		SolutionGuid = {865ACB9A-453E-4C53-8B23-8E1FEB867F24}
	EndGlobalSection
EndGlobal
